
Microsoft Visual Studio Solution File, Format Version 12.00
# Visual Studio Version 16
VisualStudioVersion = 16.0.31129.286
MinimumVisualStudioVersion = 10.0.40219.1
Project("{9A19103F-16F7-4668-BE54-9A1E7A4F7556}") = "RazorWebApp", "RazorWebApp.csproj", "{99D5CD35-402F-406A-937D-854F9C58ED73}"
EndProject
Global
	GlobalSection(SolutionConfigurationPlatforms) = preSolution
		Debug|Any CPU = Debug|Any CPU
		Release|Any CPU = Release|Any CPU
	EndGlobalSection
	GlobalSection(ProjectConfigurationPlatforms) = postSolution
		{99D5CD35-402F-406A-937D-854F9C58ED73}.Debug|Any CPU.ActiveCfg = Debug|Any CPU
		{99D5CD35-402F-406A-937D-854F9C58ED73}.Debug|Any CPU.Build.0 = Debug|Any CPU
		{99D5CD35-402F-406A-937D-854F9C58ED73}.Release|Any CPU.ActiveCfg = Release|Any CPU
		{99D5CD35-402F-406A-937D-854F9C58ED73}.Release|Any CPU.Build.0 = Release|Any CPU
	EndGlobalSection
	GlobalSection(SolutionProperties) = preSolution
		HideSolutionNode = FALSE
	EndGlobalSection
	GlobalSection(ExtensibilityGlobals) = postSolution
		SolutionGuid = {359EF9FB-7562-4E0A-A242-7597838A2ADF}
	EndGlobalSection
EndGlobal
